{
  "object": {
    "pins": [
      {
        "package": "SLogger",
        "repositoryURL": "https://github.com/bigMOTOR/SLogger.git",
        "state": {
          "branch": null,
          "revision": "7f702eda7c65cd2c8616d676477bafd851767e60",
          "version": "1.1.0"
        }
      }
    ]
  },
  "version": 1
}
